
Microsoft Visual Studio Solution File, Format Version 12.00
# Visual Studio Version 17
VisualStudioVersion = 17.0.32112.339
MinimumVisualStudioVersion = 10.0.40219.1
Project("{FAE04EC0-301F-11D3-BF4B-00C04F79EFBC}") = "API", "API\API.csproj", "{03830172-EBA2-49B9-913A-560E373B1D03}"
EndProject
Project("{FAE04EC0-301F-11D3-BF4B-00C04F79EFBC}") = "Domain", "Domain\Domain.csproj", "{8069CB3C-F5A8-4384-AD70-0D1D9378FB96}"
EndProject
Project("{FAE04EC0-301F-11D3-BF4B-00C04F79EFBC}") = "Repository", "Repository\Repository.csproj", "{47DDCF4C-4185-4A05-AB72-8E75D2CC5BFF}"
EndProject
Project("{FAE04EC0-301F-11D3-BF4B-00C04F79EFBC}") = "Service", "Service\Service.csproj", "{64E9FFD4-B214-4A8D-A9AD-2718510F1879}"
EndProject
Project("{FAE04EC0-301F-11D3-BF4B-00C04F79EFBC}") = "Resource", "Resource\Resource.csproj", "{2FD1C520-5496-4F77-8CB3-EC7250EC7CE9}"
EndProject
Global
	GlobalSection(SolutionConfigurationPlatforms) = preSolution
		Debug|Any CPU = Debug|Any CPU
		Release|Any CPU = Release|Any CPU
	EndGlobalSection
	GlobalSection(ProjectConfigurationPlatforms) = postSolution
		{03830172-EBA2-49B9-913A-560E373B1D03}.Debug|Any CPU.ActiveCfg = Debug|Any CPU
		{03830172-EBA2-49B9-913A-560E373B1D03}.Debug|Any CPU.Build.0 = Debug|Any CPU
		{03830172-EBA2-49B9-913A-560E373B1D03}.Release|Any CPU.ActiveCfg = Release|Any CPU
		{03830172-EBA2-49B9-913A-560E373B1D03}.Release|Any CPU.Build.0 = Release|Any CPU
		{8069CB3C-F5A8-4384-AD70-0D1D9378FB96}.Debug|Any CPU.ActiveCfg = Debug|Any CPU
		{8069CB3C-F5A8-4384-AD70-0D1D9378FB96}.Debug|Any CPU.Build.0 = Debug|Any CPU
		{8069CB3C-F5A8-4384-AD70-0D1D9378FB96}.Release|Any CPU.ActiveCfg = Release|Any CPU
		{8069CB3C-F5A8-4384-AD70-0D1D9378FB96}.Release|Any CPU.Build.0 = Release|Any CPU
		{47DDCF4C-4185-4A05-AB72-8E75D2CC5BFF}.Debug|Any CPU.ActiveCfg = Debug|Any CPU
		{47DDCF4C-4185-4A05-AB72-8E75D2CC5BFF}.Debug|Any CPU.Build.0 = Debug|Any CPU
		{47DDCF4C-4185-4A05-AB72-8E75D2CC5BFF}.Release|Any CPU.ActiveCfg = Release|Any CPU
		{47DDCF4C-4185-4A05-AB72-8E75D2CC5BFF}.Release|Any CPU.Build.0 = Release|Any CPU
		{64E9FFD4-B214-4A8D-A9AD-2718510F1879}.Debug|Any CPU.ActiveCfg = Debug|Any CPU
		{64E9FFD4-B214-4A8D-A9AD-2718510F1879}.Debug|Any CPU.Build.0 = Debug|Any CPU
		{64E9FFD4-B214-4A8D-A9AD-2718510F1879}.Release|Any CPU.ActiveCfg = Release|Any CPU
		{64E9FFD4-B214-4A8D-A9AD-2718510F1879}.Release|Any CPU.Build.0 = Release|Any CPU
		{2FD1C520-5496-4F77-8CB3-EC7250EC7CE9}.Debug|Any CPU.ActiveCfg = Debug|Any CPU
		{2FD1C520-5496-4F77-8CB3-EC7250EC7CE9}.Debug|Any CPU.Build.0 = Debug|Any CPU
		{2FD1C520-5496-4F77-8CB3-EC7250EC7CE9}.Release|Any CPU.ActiveCfg = Release|Any CPU
		{2FD1C520-5496-4F77-8CB3-EC7250EC7CE9}.Release|Any CPU.Build.0 = Release|Any CPU
	EndGlobalSection
	GlobalSection(SolutionProperties) = preSolution
		HideSolutionNode = FALSE
	EndGlobalSection
	GlobalSection(ExtensibilityGlobals) = postSolution
		SolutionGuid = {9035BFB3-810E-465A-B36B-EFE89C323D5B}
	EndGlobalSection
EndGlobal
